
Microsoft Visual Studio Solution File, Format Version 12.00
# Visual Studio Version 16
VisualStudioVersion = 16.0.30225.117
MinimumVisualStudioVersion = 10.0.40219.1
Project("{FAE04EC0-301F-11D3-BF4B-00C04F79EFBC}") = "WPFCrazyPC", "WPFCrazyPC\WPFCrazyPC.csproj", "{AD0E62FC-8B4F-4BEE-879A-DAD4E198E526}"
EndProject
Global
	GlobalSection(SolutionConfigurationPlatforms) = preSolution
		Debug|Any CPU = Debug|Any CPU
		Release|Any CPU = Release|Any CPU
	EndGlobalSection
	GlobalSection(ProjectConfigurationPlatforms) = postSolution
		{AD0E62FC-8B4F-4BEE-879A-DAD4E198E526}.Debug|Any CPU.ActiveCfg = Debug|Any CPU
		{AD0E62FC-8B4F-4BEE-879A-DAD4E198E526}.Debug|Any CPU.Build.0 = Debug|Any CPU
		{AD0E62FC-8B4F-4BEE-879A-DAD4E198E526}.Release|Any CPU.ActiveCfg = Release|Any CPU
		{AD0E62FC-8B4F-4BEE-879A-DAD4E198E526}.Release|Any CPU.Build.0 = Release|Any CPU
	EndGlobalSection
	GlobalSection(SolutionProperties) = preSolution
		HideSolutionNode = FALSE
	EndGlobalSection
	GlobalSection(ExtensibilityGlobals) = postSolution
		SolutionGuid = {6ED222B7-DA54-44E0-932B-C5A5C30E1EBF}
	EndGlobalSection
EndGlobal
